# This file is automatically @generated by Poetry 1.5.1 and should not be changed by hand.

[[package]]
name = "casadi"
version = "3.5.1"
description = "CasADi -- framework for algorithmic differentiation and numeric optimization"
optional = false
python-versions = "*"
files = [
    {file = "casadi-3.5.1-cp27-none-macosx_10_6_intel.macosx_10_9_intel.macosx_10_9_x86_64.macosx_10_10_intel.macosx_10_10_x86_64.whl", hash = "sha256:f368300de9068a785d8cf7fe18c9600a0bd8047fd2644bcdb9eb49530f82b7f3"},
    {file = "casadi-3.5.1-cp27-none-manylinux1_x86_64.whl", hash = "sha256:b17e6a75377d5e652c0bef0da8f8483d589136df920d863b8c81a0d37f723a44"},
    {file = "casadi-3.5.1-cp27-none-win32.whl", hash = "sha256:df50a3b794602b00c2d98d353dc0886ad6ec5f827aff977494782b4a0c64d86f"},
    {file = "casadi-3.5.1-cp27-none-win_amd64.whl", hash = "sha256:d5f4b3cec820ad9155f8f9ac717bfa13fcd9fa99f5a87784cce42fc93de0dd7b"},
    {file = "casadi-3.5.1-cp34-none-win32.whl", hash = "sha256:89e64104db217b36bad6526a0278920e7b7b93971570daac156564289e993e23"},
    {file = "casadi-3.5.1-cp34-none-win_amd64.whl", hash = "sha256:56b69821b9d881ca43ee9ee3cc6384a825df7f19d078afeebb64d975051ccd37"},
    {file = "casadi-3.5.1-cp35-none-macosx_10_6_intel.macosx_10_9_intel.macosx_10_9_x86_64.macosx_10_10_intel.macosx_10_10_x86_64.whl", hash = "sha256:ad36943d951e4a29fb0077fa604f015da7693a9a46a6c972198d8d999f3b8a0e"},
    {file = "casadi-3.5.1-cp35-none-manylinux1_x86_64.whl", hash = "sha256:3719ae0d30bc549dc2ed9332f1c22d6477caeb1a8eb12fae74ec5a95fe0d0eb0"},
    {file = "casadi-3.5.1-cp35-none-win32.whl", hash = "sha256:ce9662647f817ad5d6da6df7715210334d88a9622d14ba0b04e18346642b1702"},
    {file = "casadi-3.5.1-cp35-none-win_amd64.whl", hash = "sha256:337ac8c8a43dafaffd1d84909b5ffed3a5436f48dc65aa34df7b05a81814ea92"},
    {file = "casadi-3.5.1-cp36-none-macosx_10_6_intel.macosx_10_9_intel.macosx_10_9_x86_64.macosx_10_10_intel.macosx_10_10_x86_64.whl", hash = "sha256:e00585809d0156623daa8141dc2f84cc7d5b8203211b05d519ed4ad1fb544073"},
    {file = "casadi-3.5.1-cp36-none-manylinux1_x86_64.whl", hash = "sha256:16981786a1d101a72347d99d90babd0eedaef2bb9fe653a5a025cf3ef14928d5"},
    {file = "casadi-3.5.1-cp36-none-win32.whl", hash = "sha256:f96f4a7f61b6b223e545c73121d8044a6009262d6b2b38d29e7a66e677aaa875"},
    {file = "casadi-3.5.1-cp36-none-win_amd64.whl", hash = "sha256:f60e141486c4ba8c9302124da1fed024c28c1b44b0c7bbc43b10af0265b1a627"},
    {file = "casadi-3.5.1-cp37-none-macosx_10_6_intel.macosx_10_9_intel.macosx_10_9_x86_64.macosx_10_10_intel.macosx_10_10_x86_64.whl", hash = "sha256:5a8ec8854aea2ddbc05d87dfe9316a6718694ca32ea48705d56f01eb255e3610"},
    {file = "casadi-3.5.1-cp37-none-manylinux1_x86_64.whl", hash = "sha256:45574d3cac904cb4b07281a5ded932a8229d52e50265fd8cc4feac0f43460dd1"},
    {file = "casadi-3.5.1-cp37-none-win32.whl", hash = "sha256:3aa0a597063ed4ad207b9ff05e73a8ea19913f79df737b7ffe184452d4cbe8cc"},
    {file = "casadi-3.5.1-cp37-none-win_amd64.whl", hash = "sha256:76cdaabe268b2f5c9c1fa55b074ea55ee3bec4d04152fe9b0717c5e905e8dade"},
    {file = "casadi-3.5.1-cp38-none-macosx_10_6_intel.macosx_10_9_intel.macosx_10_9_x86_64.macosx_10_10_intel.macosx_10_10_x86_64.whl", hash = "sha256:cd7429a3a7d9a2453a786f48dd01c4c343f24c292c7d68c75351f96d8403ebb0"},
    {file = "casadi-3.5.1-cp38-none-manylinux1_x86_64.whl", hash = "sha256:6e3f08d9781541417338c97e7fec20cccf0f238cb26a653cf435b37da42f7617"},
    {file = "casadi-3.5.1-cp38-none-win32.whl", hash = "sha256:035c643f12004bc72ed85102e982072292690215b34226330787a98b52387e1f"},
    {file = "casadi-3.5.1-cp38-none-win_amd64.whl", hash = "sha256:b903cd66eacfc13ce1f8a4a8059a95fb51048f3264dd9b1f37df36994fc63716"},
]

[[package]]
name = "certifi"
version = "2022.9.24"
description = "Python package for providing Mozilla's CA Bundle."
optional = false
python-versions = ">=3.6"
files = [
    {file = "certifi-2022.9.24-py3-none-any.whl", hash = "sha256:90c1a32f1d68f940488354e36370f6cca89f0f106db09518524c88d6ed83f382"},
    {file = "certifi-2022.9.24.tar.gz", hash = "sha256:0d9c601124e5a6ba9712dbc60d9c53c21e34f5f641fe83002317394311bdce14"},
]

[[package]]
name = "charset-normalizer"
version = "2.0.12"
description = "The Real First Universal Charset Detector. Open, modern and actively maintained alternative to Chardet."
optional = false
python-versions = ">=3.5.0"
files = [
    {file = "charset-normalizer-2.0.12.tar.gz", hash = "sha256:2857e29ff0d34db842cd7ca3230549d1a697f96ee6d3fb071cfa6c7393832597"},
    {file = "charset_normalizer-2.0.12-py3-none-any.whl", hash = "sha256:6881edbebdb17b39b4eaaa821b438bf6eddffb4468cf344f09f89def34a8b1df"},
]

[package.extras]
unicode-backport = ["unicodedata2"]

[[package]]
name = "dill"
version = "0.3.7"
description = "serialize all of Python"
optional = false
python-versions = ">=3.7"
files = [
    {file = "dill-0.3.7-py3-none-any.whl", hash = "sha256:76b122c08ef4ce2eedcd4d1abd8e641114bfc6c2867f49f3c41facf65bf19f5e"},
    {file = "dill-0.3.7.tar.gz", hash = "sha256:cc1c8b182eb3013e24bd475ff2e9295af86c1a38eb1aff128dac8962a9ce3c03"},
]

[package.extras]
graph = ["objgraph (>=1.7.2)"]

[[package]]
name = "idna"
version = "3.4"
description = "Internationalized Domain Names in Applications (IDNA)"
optional = false
python-versions = ">=3.5"
files = [
    {file = "idna-3.4-py3-none-any.whl", hash = "sha256:90b77e79eaa3eba6de819a0c442c0b4ceefc341a7a2ab77d7562bf49f425c5c2"},
    {file = "idna-3.4.tar.gz", hash = "sha256:814f528e8dead7d329833b91c5faa87d60bf71824cd12a7530b5526063d02cb4"},
]

[[package]]
name = "numpy"
version = "1.18.3"
description = "NumPy is the fundamental package for array computing with Python."
optional = false
python-versions = ">=3.5"
files = [
    {file = "numpy-1.18.3-cp35-cp35m-macosx_10_9_intel.whl", hash = "sha256:a6bc9432c2640b008d5f29bad737714eb3e14bb8854878eacf3d7955c4e91c36"},
    {file = "numpy-1.18.3-cp35-cp35m-manylinux1_i686.whl", hash = "sha256:48e15612a8357393d176638c8f68a19273676877caea983f8baf188bad430379"},
    {file = "numpy-1.18.3-cp35-cp35m-manylinux1_x86_64.whl", hash = "sha256:eb2286249ebfe8fcb5b425e5ec77e4736d53ee56d3ad296f8947f67150f495e3"},
    {file = "numpy-1.18.3-cp35-cp35m-win32.whl", hash = "sha256:1e37626bcb8895c4b3873fcfd54e9bfc5ffec8d0f525651d6985fcc5c6b6003c"},
    {file = "numpy-1.18.3-cp35-cp35m-win_amd64.whl", hash = "sha256:163c78c04f47f26ca1b21068cea25ed7c5ecafe5f5ab2ea4895656a750582b56"},
    {file = "numpy-1.18.3-cp36-cp36m-macosx_10_9_x86_64.whl", hash = "sha256:3d9e1554cd9b5999070c467b18e5ae3ebd7369f02706a8850816f576a954295f"},
    {file = "numpy-1.18.3-cp36-cp36m-manylinux1_i686.whl", hash = "sha256:40c24960cd5cec55222963f255858a1c47c6fa50a65a5b03fd7de75e3700eaaa"},
    {file = "numpy-1.18.3-cp36-cp36m-manylinux1_x86_64.whl", hash = "sha256:a551d8cc267c634774830086da42e4ba157fa41dd3b93982bc9501b284b0c689"},
    {file = "numpy-1.18.3-cp36-cp36m-win32.whl", hash = "sha256:0aa2b318cf81eb1693fcfcbb8007e95e231d7e1aa24288137f3b19905736c3ee"},
    {file = "numpy-1.18.3-cp36-cp36m-win_amd64.whl", hash = "sha256:a41f303b3f9157a31ce7203e3ca757a0c40c96669e72d9b6ee1bce8507638970"},
    {file = "numpy-1.18.3-cp37-cp37m-macosx_10_9_x86_64.whl", hash = "sha256:e607b8cdc2ae5d5a63cd1bec30a15b5ed583ac6a39f04b7ba0f03fcfbf29c05b"},
    {file = "numpy-1.18.3-cp37-cp37m-manylinux1_i686.whl", hash = "sha256:fdee7540d12519865b423af411bd60ddb513d2eb2cd921149b732854995bbf8b"},
    {file = "numpy-1.18.3-cp37-cp37m-manylinux1_x86_64.whl", hash = "sha256:6725d2797c65598778409aba8cd67077bb089d5b7d3d87c2719b206dc84ec05e"},
    {file = "numpy-1.18.3-cp37-cp37m-win32.whl", hash = "sha256:4847f0c993298b82fad809ea2916d857d0073dc17b0510fbbced663b3265929d"},
    {file = "numpy-1.18.3-cp37-cp37m-win_amd64.whl", hash = "sha256:46f404314dbec78cb342904f9596f25f9b16e7cf304030f1339e553c8e77f51c"},
    {file = "numpy-1.18.3-cp38-cp38-macosx_10_9_x86_64.whl", hash = "sha256:264fd15590b3f02a1fbc095e7e1f37cdac698ff3829e12ffdcffdce3772f9d44"},
    {file = "numpy-1.18.3-cp38-cp38-manylinux1_i686.whl", hash = "sha256:e94a39d5c40fffe7696009dbd11bc14a349b377e03a384ed011e03d698787dd3"},
    {file = "numpy-1.18.3-cp38-cp38-manylinux1_x86_64.whl", hash = "sha256:a4305564e93f5c4584f6758149fd446df39fd1e0a8c89ca0deb3cce56106a027"},
    {file = "numpy-1.18.3-cp38-cp38-win32.whl", hash = "sha256:99f0ba97e369f02a21bb95faa3a0de55991fd5f0ece2e30a9e2eaebeac238921"},
    {file = "numpy-1.18.3-cp38-cp38-win_amd64.whl", hash = "sha256:c60175d011a2e551a2f74c84e21e7c982489b96b6a5e4b030ecdeacf2914da68"},
    {file = "numpy-1.18.3.zip", hash = "sha256:e46e2384209c91996d5ec16744234d1c906ab79a701ce1a26155c9ec890b8dc8"},
]

[[package]]
name = "pip"
version = "20.0.2"
description = "The PyPA recommended tool for installing Python packages."
optional = false
python-versions = ">=2.7,!=3.0.*,!=3.1.*,!=3.2.*,!=3.3.*,!=3.4.*"
files = [
    {file = "pip-20.0.2-py2.py3-none-any.whl", hash = "sha256:4ae14a42d8adba3205ebeb38aa68cfc0b6c346e1ae2e699a0b3bad4da19cef5c"},
    {file = "pip-20.0.2.tar.gz", hash = "sha256:7db0c8ea4c7ea51c8049640e8e6e7fde949de672bfa4949920675563a5a6967f"},
]

[[package]]
name = "requests"
version = "2.26.0"
description = "Python HTTP for Humans."
optional = false
python-versions = ">=2.7, !=3.0.*, !=3.1.*, !=3.2.*, !=3.3.*, !=3.4.*, !=3.5.*"
files = [
    {file = "requests-2.26.0-py2.py3-none-any.whl", hash = "sha256:6c1246513ecd5ecd4528a0906f910e8f0f9c6b8ec72030dc9fd154dc1a6efd24"},
    {file = "requests-2.26.0.tar.gz", hash = "sha256:b8aa58f8cf793ffd8782d3d8cb19e66ef36f7aba4353eec859e74678b01b07a7"},
]

[package.dependencies]
certifi = ">=2017.4.17"
charset-normalizer = {version = ">=2.0.0,<2.1.0", markers = "python_version >= \"3\""}
idna = {version = ">=2.5,<4", markers = "python_version >= \"3\""}
urllib3 = ">=1.21.1,<1.27"

[package.extras]
socks = ["PySocks (>=1.5.6,!=1.5.7)", "win-inet-pton"]
use-chardet-on-py3 = ["chardet (>=3.0.2,<5)"]

[[package]]
name = "scipy"
version = "1.4.1"
description = "SciPy: Scientific Library for Python"
optional = false
python-versions = ">=3.5"
files = [
    {file = "scipy-1.4.1-cp35-cp35m-macosx_10_6_intel.whl", hash = "sha256:c5cac0c0387272ee0e789e94a570ac51deb01c796b37fb2aad1fb13f85e2f97d"},
    {file = "scipy-1.4.1-cp35-cp35m-manylinux1_i686.whl", hash = "sha256:a144811318853a23d32a07bc7fd5561ff0cac5da643d96ed94a4ffe967d89672"},
    {file = "scipy-1.4.1-cp35-cp35m-manylinux1_x86_64.whl", hash = "sha256:71eb180f22c49066f25d6df16f8709f215723317cc951d99e54dc88020ea57be"},
    {file = "scipy-1.4.1-cp35-cp35m-win32.whl", hash = "sha256:770254a280d741dd3436919d47e35712fb081a6ff8bafc0f319382b954b77802"},
    {file = "scipy-1.4.1-cp35-cp35m-win_amd64.whl", hash = "sha256:a1aae70d52d0b074d8121333bc807a485f9f1e6a69742010b33780df2e60cfe0"},
    {file = "scipy-1.4.1-cp36-cp36m-macosx_10_6_intel.whl", hash = "sha256:bb517872058a1f087c4528e7429b4a44533a902644987e7b2fe35ecc223bc408"},
    {file = "scipy-1.4.1-cp36-cp36m-manylinux1_i686.whl", hash = "sha256:dba8306f6da99e37ea08c08fef6e274b5bf8567bb094d1dbe86a20e532aca088"},
    {file = "scipy-1.4.1-cp36-cp36m-manylinux1_x86_64.whl", hash = "sha256:386086e2972ed2db17cebf88610aab7d7f6e2c0ca30042dc9a89cf18dcc363fa"},
    {file = "scipy-1.4.1-cp36-cp36m-win32.whl", hash = "sha256:8d3bc3993b8e4be7eade6dcc6fd59a412d96d3a33fa42b0fa45dc9e24495ede9"},
    {file = "scipy-1.4.1-cp36-cp36m-win_amd64.whl", hash = "sha256:dc60bb302f48acf6da8ca4444cfa17d52c63c5415302a9ee77b3b21618090521"},
    {file = "scipy-1.4.1-cp37-cp37m-macosx_10_6_intel.whl", hash = "sha256:787cc50cab3020a865640aba3485e9fbd161d4d3b0d03a967df1a2881320512d"},
    {file = "scipy-1.4.1-cp37-cp37m-manylinux1_i686.whl", hash = "sha256:0902a620a381f101e184a958459b36d3ee50f5effd186db76e131cbefcbb96f7"},
    {file = "scipy-1.4.1-cp37-cp37m-manylinux1_x86_64.whl", hash = "sha256:00af72998a46c25bdb5824d2b729e7dabec0c765f9deb0b504f928591f5ff9d4"},
    {file = "scipy-1.4.1-cp37-cp37m-win32.whl", hash = "sha256:9508a7c628a165c2c835f2497837bf6ac80eb25291055f56c129df3c943cbaf8"},
    {file = "scipy-1.4.1-cp37-cp37m-win_amd64.whl", hash = "sha256:a2d6df9eb074af7f08866598e4ef068a2b310d98f87dc23bd1b90ec7bdcec802"},
    {file = "scipy-1.4.1-cp38-cp38-macosx_10_9_x86_64.whl", hash = "sha256:3092857f36b690a321a662fe5496cb816a7f4eecd875e1d36793d92d3f884073"},
    {file = "scipy-1.4.1-cp38-cp38-manylinux1_i686.whl", hash = "sha256:8a07760d5c7f3a92e440ad3aedcc98891e915ce857664282ae3c0220f3301eb6"},
    {file = "scipy-1.4.1-cp38-cp38-manylinux1_x86_64.whl", hash = "sha256:1e3190466d669d658233e8a583b854f6386dd62d655539b77b3fa25bfb2abb70"},
    {file = "scipy-1.4.1-cp38-cp38-win32.whl", hash = "sha256:cc971a82ea1170e677443108703a2ec9ff0f70752258d0e9f5433d00dda01f59"},
    {file = "scipy-1.4.1-cp38-cp38-win_amd64.whl", hash = "sha256:2cce3f9847a1a51019e8c5b47620da93950e58ebc611f13e0d11f4980ca5fecb"},
    {file = "scipy-1.4.1.tar.gz", hash = "sha256:dee1bbf3a6c8f73b6b218cb28eed8dd13347ea2f87d572ce19b289d6fd3fbc59"},
]

[package.dependencies]
numpy = ">=1.13.3"

[[package]]
name = "setuptools"
version = "44.0.0"
description = "Easily download, build, install, upgrade, and uninstall Python packages"
optional = false
python-versions = "!=3.0.*,!=3.1.*,!=3.2.*,!=3.3.*,!=3.4.*,>=2.7"
files = [
    {file = "setuptools-44.0.0-py2.py3-none-any.whl", hash = "sha256:180081a244d0888b0065e18206950d603f6550721bd6f8c0a10221ed467dd78e"},
    {file = "setuptools-44.0.0.zip", hash = "sha256:e5baf7723e5bb8382fc146e33032b241efc63314211a3a120aaa55d62d2bb008"},
]

[package.extras]
certs = ["certifi (==2016.9.26)"]
ssl = ["wincertstore (==0.2)"]

[[package]]
name = "urllib3"
version = "1.26.12"
description = "HTTP library with thread-safe connection pooling, file post, and more."
optional = false
python-versions = ">=2.7, !=3.0.*, !=3.1.*, !=3.2.*, !=3.3.*, !=3.4.*, !=3.5.*, <4"
files = [
    {file = "urllib3-1.26.12-py2.py3-none-any.whl", hash = "sha256:b930dd878d5a8afb066a637fbb35144fe7901e3b209d1cd4f524bd0e9deee997"},
    {file = "urllib3-1.26.12.tar.gz", hash = "sha256:3fa96cf423e6987997fc326ae8df396db2a8b7c667747d47ddd8ecba91f4a74e"},
]

[package.extras]
brotli = ["brotli (>=1.0.9)", "brotlicffi (>=0.8.0)", "brotlipy (>=0.6.0)"]
secure = ["certifi", "cryptography (>=1.3.4)", "idna (>=2.0.0)", "ipaddress", "pyOpenSSL (>=0.14)", "urllib3-secure-extra"]
socks = ["PySocks (>=1.5.6,!=1.5.7,<2.0)"]

[metadata]
lock-version = "2.0"
python-versions = "^3.8"
content-hash = "bf0b150e96630d8417b792037b2c192c0b8c8927a5204a2bb638485b21e47e59"
